
Microsoft Visual Studio Solution File, Format Version 12.00
# Visual Studio Version 17
VisualStudioVersion = 17.4.33213.308
MinimumVisualStudioVersion = 10.0.40219.1
Project("{9A19103F-16F7-4668-BE54-9A1E7A4F7556}") = "AdminProSolutions.API", "AdminProSolutions.API\AdminProSolutions.API.csproj", "{766A4310-449F-4F79-BC1E-3DCDD872CF16}"
EndProject
Project("{9A19103F-16F7-4668-BE54-9A1E7A4F7556}") = "AdminProSolutions.Domain", "AdminProSolutions.Domain\AdminProSolutions.Domain.csproj", "{12D5DBD1-297F-4F7B-A66C-611F006DC93C}"
EndProject
Project("{9A19103F-16F7-4668-BE54-9A1E7A4F7556}") = "AdminProSolutions.Infrastructure", "AdminProSolutions.Infrastructure\AdminProSolutions.Infrastructure.csproj", "{DEF67ADA-76BF-43FF-A139-191462EAB126}"
EndProject
Project("{2150E333-8FDC-42A3-9474-1A3956D46DE8}") = "Solution Items", "Solution Items", "{C718174A-EE2C-470A-9B87-7514E3A1356C}"
	ProjectSection(SolutionItems) = preProject
		.editorconfig = .editorconfig
	EndProjectSection
EndProject
Global
	GlobalSection(SolutionConfigurationPlatforms) = preSolution
		Debug|Any CPU = Debug|Any CPU
		Release|Any CPU = Release|Any CPU
	EndGlobalSection
	GlobalSection(ProjectConfigurationPlatforms) = postSolution
		{766A4310-449F-4F79-BC1E-3DCDD872CF16}.Debug|Any CPU.ActiveCfg = Debug|Any CPU
		{766A4310-449F-4F79-BC1E-3DCDD872CF16}.Debug|Any CPU.Build.0 = Debug|Any CPU
		{766A4310-449F-4F79-BC1E-3DCDD872CF16}.Release|Any CPU.ActiveCfg = Release|Any CPU
		{766A4310-449F-4F79-BC1E-3DCDD872CF16}.Release|Any CPU.Build.0 = Release|Any CPU
		{12D5DBD1-297F-4F7B-A66C-611F006DC93C}.Debug|Any CPU.ActiveCfg = Debug|Any CPU
		{12D5DBD1-297F-4F7B-A66C-611F006DC93C}.Debug|Any CPU.Build.0 = Debug|Any CPU
		{12D5DBD1-297F-4F7B-A66C-611F006DC93C}.Release|Any CPU.ActiveCfg = Release|Any CPU
		{12D5DBD1-297F-4F7B-A66C-611F006DC93C}.Release|Any CPU.Build.0 = Release|Any CPU
		{DEF67ADA-76BF-43FF-A139-191462EAB126}.Debug|Any CPU.ActiveCfg = Debug|Any CPU
		{DEF67ADA-76BF-43FF-A139-191462EAB126}.Debug|Any CPU.Build.0 = Debug|Any CPU
		{DEF67ADA-76BF-43FF-A139-191462EAB126}.Release|Any CPU.ActiveCfg = Release|Any CPU
		{DEF67ADA-76BF-43FF-A139-191462EAB126}.Release|Any CPU.Build.0 = Release|Any CPU
	EndGlobalSection
	GlobalSection(SolutionProperties) = preSolution
		HideSolutionNode = FALSE
	EndGlobalSection
	GlobalSection(ExtensibilityGlobals) = postSolution
		SolutionGuid = {A4FD89D7-5542-450F-83C5-B186022F5A87}
	EndGlobalSection
EndGlobal
